
Microsoft Visual Studio Solution File, Format Version 12.00
# Visual Studio Version 17
VisualStudioVersion = 17.2.32602.215
MinimumVisualStudioVersion = 10.0.40219.1
Project("{FAE04EC0-301F-11D3-BF4B-00C04F79EFBC}") = "Access Data Software", "Access Data Software.csproj", "{8EB09ECE-2030-4D12-BF94-944AFA8BCB5D}"
EndProject
Global
	GlobalSection(SolutionConfigurationPlatforms) = preSolution
		Debug|Any CPU = Debug|Any CPU
		Release|Any CPU = Release|Any CPU
	EndGlobalSection
	GlobalSection(ProjectConfigurationPlatforms) = postSolution
		{8EB09ECE-2030-4D12-BF94-944AFA8BCB5D}.Debug|Any CPU.ActiveCfg = Debug|Any CPU
		{8EB09ECE-2030-4D12-BF94-944AFA8BCB5D}.Debug|Any CPU.Build.0 = Debug|Any CPU
		{8EB09ECE-2030-4D12-BF94-944AFA8BCB5D}.Release|Any CPU.ActiveCfg = Release|Any CPU
		{8EB09ECE-2030-4D12-BF94-944AFA8BCB5D}.Release|Any CPU.Build.0 = Release|Any CPU
	EndGlobalSection
	GlobalSection(SolutionProperties) = preSolution
		HideSolutionNode = FALSE
	EndGlobalSection
	GlobalSection(ExtensibilityGlobals) = postSolution
		SolutionGuid = {3296525C-F281-4EDC-9C98-3E082D175229}
	EndGlobalSection
EndGlobal
